
Microsoft Visual Studio Solution File, Format Version 12.00
# Visual Studio Version 17
VisualStudioVersion = 17.0.31919.166
MinimumVisualStudioVersion = 10.0.40219.1
Project("{9A19103F-16F7-4668-BE54-9A1E7A4F7556}") = "SWUniversalLib", "..\..\..\SWUniversalLib\SWUniversalLib\SWUniversalLib.csproj", "{DCD9BC67-2494-4417-91C3-2041EC7F2E54}"
EndProject
Project("{9A19103F-16F7-4668-BE54-9A1E7A4F7556}") = "Tests", "..\..\..\SWUniversalLib\Tests\Tests.csproj", "{CC4A3F68-4777-4084-BB0C-B2FBD369076F}"
EndProject
Global
	GlobalSection(SolutionConfigurationPlatforms) = preSolution
		Debug|Any CPU = Debug|Any CPU
		Release|Any CPU = Release|Any CPU
	EndGlobalSection
	GlobalSection(ProjectConfigurationPlatforms) = postSolution
		{DCD9BC67-2494-4417-91C3-2041EC7F2E54}.Debug|Any CPU.ActiveCfg = Debug|Any CPU
		{DCD9BC67-2494-4417-91C3-2041EC7F2E54}.Debug|Any CPU.Build.0 = Debug|Any CPU
		{DCD9BC67-2494-4417-91C3-2041EC7F2E54}.Release|Any CPU.ActiveCfg = Release|Any CPU
		{DCD9BC67-2494-4417-91C3-2041EC7F2E54}.Release|Any CPU.Build.0 = Release|Any CPU
		{CC4A3F68-4777-4084-BB0C-B2FBD369076F}.Debug|Any CPU.ActiveCfg = Debug|Any CPU
		{CC4A3F68-4777-4084-BB0C-B2FBD369076F}.Debug|Any CPU.Build.0 = Debug|Any CPU
		{CC4A3F68-4777-4084-BB0C-B2FBD369076F}.Release|Any CPU.ActiveCfg = Release|Any CPU
		{CC4A3F68-4777-4084-BB0C-B2FBD369076F}.Release|Any CPU.Build.0 = Release|Any CPU
	EndGlobalSection
	GlobalSection(SolutionProperties) = preSolution
		HideSolutionNode = FALSE
	EndGlobalSection
	GlobalSection(ExtensibilityGlobals) = postSolution
		SolutionGuid = {A8AA9B9B-FCCA-49FB-915E-6EF415841229}
	EndGlobalSection
EndGlobal
